github.com/davecgh/go-spew v0.0.0-20180221232628-8991bc29aa16 h1:HqkufMBR7waVfFFRABWqHa1WgTvjtVDJTLJe3CR576A=
github.com/davecgh/go-spew v0.0.0-20180221232628-8991bc29aa16/go.mod h1:J7Y8YcW2NihsgmVo/mv3lAwl/skON4iLHjSsI+c5H38=
github.com/davecgh/go-spew v1.1.1 h1:vj9j/u1bqnvCEfJOwUhtlOARqs3+rkHYY13jYWTU97c=
github.com/davecgh/go-spew v1.1.1/go.mod h1:J7Y8YcW2NihsgmVo/mv3lAwl/skON4iLHjSsI+c5H38=
github.com/maxatome/go-testdeep v1.0.3 h1:xTds+j0BxPnSJbBEc3jqj8M6mUcffoIGbXCUgCs7Ybc=
github.com/maxatome/go-testdeep v1.0.3/go.mod h1:n887vr2m8DvuP4YfGAZBug2HhsEiVOC+RMvCDxo70X4=
github.com/maxatome/go-testdeep v1.0.4 h1:Oq/Hr9suAUJ3p11Xr2bcpN4Urlv1ZgJ8FysHGQvYTNo=
github.com/maxatome/go-testdeep v1.0.4/go.mod h1:n887vr2m8DvuP4YfGAZBug2HhsEiVOC+RMvCDxo70X4=
github.com/maxatome/go-testdeep v1.0.5/go.mod h1:n887vr2m8DvuP4YfGAZBug2HhsEiVOC+RMvCDxo70X4=
github.com/maxatome/go-testdeep v1.3.0 h1:r66U/hnWMFYAEwbHeZvJWmTGfXddhZ8TzHSzi2kMFJo=
github.com/maxatome/go-testdeep v1.3.0/go.mod h1:011SgQ6efzZYAen6fDn4BqQ+lUR72ysdyKe7Dyogw70=
github.com/maxatome/go-testdeep v1.4.0 h1:vKQh3/lHKAMsxggya/fXB6fLbf70c7k6wlLveuS9sKE=
github.com/maxatome/go-testdeep v1.4.0/go.mod h1:011SgQ6efzZYAen6fDn4BqQ+lUR72ysdyKe7Dyogw70=
github.com/maxatome/go-testdeep v1.7.0 h1:FdH/t2zHa+I43pKIjeUAwfUPoSADSkX0NwY6nvvxT7o=
github.com/maxatome/go-testdeep v1.7.0/go.mod h1:011SgQ6efzZYAen6fDn4BqQ+lUR72ysdyKe7Dyogw70=
github.com/maxatome/go-testdeep v1.8.0 h1:7QpuvRvyCUefU41jbEU1+k8N4DhuE6jbu/CvFeUUOhU=
github.com/maxatome/go-testdeep v1.8.0/go.mod h1:011SgQ6efzZYAen6fDn4BqQ+lUR72ysdyKe7Dyogw70=
github.com/maxatome/go-testdeep v1.9.2 h1:5D7u/JkeG0A/HDTbZ/CFFmpYZPeWN+uGQ1IbsEHYlCo=
github.com/maxatome/go-testdeep v1.9.2/go.mod h1:011SgQ6efzZYAen6fDn4BqQ+lUR72ysdyKe7Dyogw70=
github.com/maxatome/go-testdeep v1.10.0 h1:s1pP+gqiylIm2Fqhscvec1bnvGmCLayVQW8iFkGNGKw=
github.com/maxatome/go-testdeep v1.10.0/go.mod h1:011SgQ6efzZYAen6fDn4BqQ+lUR72ysdyKe7Dyogw70=
github.com/maxatome/go-testdeep v1.11.0 h1:Tgh5efyCYyJFGUYiT0qxBSIDeXw0F5zSoatlou685kk=
github.com/maxatome/go-testdeep v1.11.0/go.mod h1:011SgQ6efzZYAen6fDn4BqQ+lUR72ysdyKe7Dyogw70=
